// !$*UTF8*$!
{
	archiveVersion = 1;
	classes = {
	};
	objectVersion = 46;
	objects = {

/* Begin PBXBuildFile section */
		9EF2762D1DDABA5F0098BE99 /* main.m in Sources */ = {isa = PBXBuildFile; fileRef = 9EF2762C1DDABA5F0098BE99 /* main.m */; };
		9EF276301DDABA5F0098BE99 /* AppDelegate.m in Sources */ = {isa = PBXBuildFile; fileRef = 9EF2762F1DDABA5F0098BE99 /* AppDelegate.m */; };
		9EF276331DDABA5F0098BE99 /* ViewController.m in Sources */ = {isa = PBXBuildFile; fileRef = 9EF276321DDABA5F0098BE99 /* ViewController.m */; };
		9EF276361DDABA5F0098BE99 /* Main.storyboard in Resources */ = {isa = PBXBuildFile; fileRef = 9EF276341DDABA5F0098BE99 /* Main.storyboard */; };
		9EF276381DDABA5F0098BE99 /* Assets.xcassets in Resources */ = {isa = PBXBuildFile; fileRef = 9EF276371DDABA5F0098BE99 /* Assets.xcassets */; };
		9EF2763B1DDABA5F0098BE99 /* LaunchScreen.storyboard in Resources */ = {isa = PBXBuildFile; fileRef = 9EF276391DDABA5F0098BE99 /* LaunchScreen.storyboard */; };
		9EF276461DDABA5F0098BE99 /* HuiBaoXianTests.m in Sources */ = {isa = PBXBuildFile; fileRef = 9EF276451DDABA5F0098BE99 /* HuiBaoXianTests.m */; };
		9EF276511DDABA5F0098BE99 /* HuiBaoXianUITests.m in Sources */ = {isa = PBXBuildFile; fileRef = 9EF276501DDABA5F0098BE99 /* HuiBaoXianUITests.m */; };
		9EF276611DDAED030098BE99 /* libPaymentControl.a in Frameworks */ = {isa = PBXBuildFile; fileRef = 9EF276601DDAED030098BE99 /* libPaymentControl.a */; };
		9EF276631DDAED5A0098BE99 /* QuartzCore.framework in Frameworks */ = {isa = PBXBuildFile; fileRef = 9EF276621DDAED5A0098BE99 /* QuartzCore.framework */; };
		9EF276651DDAED670098BE99 /* Security.framework in Frameworks */ = {isa = PBXBuildFile; fileRef = 9EF276641DDAED670098BE99 /* Security.framework */; };
		9EF276671DDAF29F0098BE99 /* libz.tbd in Frameworks */ = {isa = PBXBuildFile; fileRef = 9EF276661DDAF29F0098BE99 /* libz.tbd */; };
		9EF276691DDAF42C0098BE99 /* CFNetwork.framework in Frameworks */ = {isa = PBXBuildFile; fileRef = 9EF276681DDAF42C0098BE99 /* CFNetwork.framework */; };
		9EF2766B1DDAF43B0098BE99 /* SystemConfiguration.framework in Frameworks */ = {isa = PBXBuildFile; fileRef = 9EF2766A1DDAF43B0098BE99 /* SystemConfiguration.framework */; };
		9EF276771DDAFCB10098BE99 /* AlipaySDK.bundle in Resources */ = {isa = PBXBuildFile; fileRef = 9EF276751DDAFCB10098BE99 /* AlipaySDK.bundle */; };
		9EF276781DDAFCB10098BE99 /* AlipaySDK.framework in Frameworks */ = {isa = PBXBuildFile; fileRef = 9EF276761DDAFCB10098BE99 /* AlipaySDK.framework */; };
		9EF2767A1DDAFCE00098BE99 /* libc++.tbd in Frameworks */ = {isa = PBXBuildFile; fileRef = 9EF276791DDAFCE00098BE99 /* libc++.tbd */; };
		9EF2767C1DDAFCF60098BE99 /* CoreTelephony.framework in Frameworks */ = {isa = PBXBuildFile; fileRef = 9EF2767B1DDAFCF60098BE99 /* CoreTelephony.framework */; };
		9EF2767E1DDAFD030098BE99 /* CoreText.framework in Frameworks */ = {isa = PBXBuildFile; fileRef = 9EF2767D1DDAFD030098BE99 /* CoreText.framework */; };
		9EF276801DDAFD260098BE99 /* CoreGraphics.framework in Frameworks */ = {isa = PBXBuildFile; fileRef = 9EF2767F1DDAFD260098BE99 /* CoreGraphics.framework */; };
		9EF276821DDAFD2C0098BE99 /* UIKit.framework in Frameworks */ = {isa = PBXBuildFile; fileRef = 9EF276811DDAFD2C0098BE99 /* UIKit.framework */; };
		9EF276841DDAFD390098BE99 /* Foundation.framework in Frameworks */ = {isa = PBXBuildFile; fileRef = 9EF276831DDAFD390098BE99 /* Foundation.framework */; };
		9EF276861DDAFD490098BE99 /* CoreMotion.framework in Frameworks */ = {isa = PBXBuildFile; fileRef = 9EF276851DDAFD490098BE99 /* CoreMotion.framework */; };
		9EF2768D1DDAFF710098BE99 /* libWeChatSDK.a in Frameworks */ = {isa = PBXBuildFile; fileRef = 9EF276881DDAFF710098BE99 /* libWeChatSDK.a */; };
		9EF2768E1DDAFF710098BE99 /* README.txt in Resources */ = {isa = PBXBuildFile; fileRef = 9EF276891DDAFF710098BE99 /* README.txt */; };
		9EF276901DDAFFF40098BE99 /* libsqlite3.0.tbd in Frameworks */ = {isa = PBXBuildFile; fileRef = 9EF2768F1DDAFFF40098BE99 /* libsqlite3.0.tbd */; };
		B62815C91DFBA51C00E8A24B /* UIBarButtonItem+Badge.m in Sources */ = {isa = PBXBuildFile; fileRef = B62815C81DFBA51C00E8A24B /* UIBarButtonItem+Badge.m */; };
		B62815CB1DFBB8A200E8A24B /* 00.png in Resources */ = {isa = PBXBuildFile; fileRef = B62815CA1DFBB8A200E8A24B /* 00.png */; };
		B62815CD1DFBF3D300E8A24B /* ico@3x.png in Resources */ = {isa = PBXBuildFile; fileRef = B62815CC1DFBF3D300E8A24B /* ico@3x.png */; };
		B64995111DF68B65001D08F9 /* HomeController.m in Sources */ = {isa = PBXBuildFile; fileRef = B64995101DF68B65001D08F9 /* HomeController.m */; };
		B64995141DF68B7B001D08F9 /* MallController.m in Sources */ = {isa = PBXBuildFile; fileRef = B64995131DF68B7B001D08F9 /* MallController.m */; };
		B64995181DF68B8F001D08F9 /* RoomController.m in Sources */ = {isa = PBXBuildFile; fileRef = B64995171DF68B8F001D08F9 /* RoomController.m */; };
		B649951B1DF68B9F001D08F9 /* MyController.m in Sources */ = {isa = PBXBuildFile; fileRef = B649951A1DF68B9F001D08F9 /* MyController.m */; };
		B649951F1DF6940F001D08F9 /* UADScrollView.m in Sources */ = {isa = PBXBuildFile; fileRef = B649951E1DF6940F001D08F9 /* UADScrollView.m */; };
		B64995251DF69725001D08F9 /* AEElement.m in Sources */ = {isa = PBXBuildFile; fileRef = B64995221DF69725001D08F9 /* AEElement.m */; };
		B64995261DF69725001D08F9 /* AEImagePlayerView.m in Sources */ = {isa = PBXBuildFile; fileRef = B64995241DF69725001D08F9 /* AEImagePlayerView.m */; };
		B649952B1DF69735001D08F9 /* AEPageModel.m in Sources */ = {isa = PBXBuildFile; fileRef = B64995281DF69735001D08F9 /* AEPageModel.m */; };
		B649952C1DF69735001D08F9 /* AEPageView.m in Sources */ = {isa = PBXBuildFile; fileRef = B649952A1DF69735001D08F9 /* AEPageView.m */; };
		B660BDC21DFE30CF000D1E7C /* HomeCellModel.m in Sources */ = {isa = PBXBuildFile; fileRef = B660BDC11DFE30CF000D1E7C /* HomeCellModel.m */; };
		B660BDC41DFE3611000D1E7C /* 02.png in Resources */ = {isa = PBXBuildFile; fileRef = B660BDC31DFE3611000D1E7C /* 02.png */; };
		B69274251DFA40FD00F35D5A /* HomeCell.m in Sources */ = {isa = PBXBuildFile; fileRef = B69274231DFA40FD00F35D5A /* HomeCell.m */; };
		B69274261DFA40FD00F35D5A /* HomeCell.xib in Resources */ = {isa = PBXBuildFile; fileRef = B69274241DFA40FD00F35D5A /* HomeCell.xib */; };
		B69274281DFA777400F35D5A /* 01.jpg in Resources */ = {isa = PBXBuildFile; fileRef = B69274271DFA777400F35D5A /* 01.jpg */; };
		B69C51771DFE54A100C19D9E /* HomeSiftCell.m in Sources */ = {isa = PBXBuildFile; fileRef = B69C51761DFE54A100C19D9E /* HomeSiftCell.m */; };
		B69C51791DFE7EE300C19D9E /* messageCenter@3x.png in Resources */ = {isa = PBXBuildFile; fileRef = B69C51781DFE7EE300C19D9E /* messageCenter@3x.png */; };
		B69C51801DFE85A200C19D9E /* HomeSiftCell.xib in Resources */ = {isa = PBXBuildFile; fileRef = B69C517F1DFE85A200C19D9E /* HomeSiftCell.xib */; };
		CC651FCB6CD47506214E7696 /* libPods-HuiBaoXian.a in Frameworks */ = {isa = PBXBuildFile; fileRef = 5768B0E8683652C95054BF44 /* libPods-HuiBaoXian.a */; };
/* End PBXBuildFile section */

/* Begin PBXContainerItemProxy section */
		9EF276421DDABA5F0098BE99 /* PBXContainerItemProxy */ = {
			isa = PBXContainerItemProxy;
			containerPortal = 9EF276201DDABA5E0098BE99 /* Project object */;
			proxyType = 1;
			remoteGlobalIDString = 9EF276271DDABA5E0098BE99;
			remoteInfo = HuiBaoXian;
		};
		9EF2764D1DDABA5F0098BE99 /* PBXContainerItemProxy */ = {
			isa = PBXContainerItemProxy;
			containerPortal = 9EF276201DDABA5E0098BE99 /* Project object */;
			proxyType = 1;
			remoteGlobalIDString = 9EF276271DDABA5E0098BE99;
			remoteInfo = HuiBaoXian;
		};
/* End PBXContainerItemProxy section */

/* Begin PBXFileReference section */
		0E87799A8F217D74FD440583 /* Pods-HuiBaoXian.debug.xcconfig */ = {isa = PBXFileReference; includeInIndex = 1; lastKnownFileType = text.xcconfig; name = "Pods-HuiBaoXian.debug.xcconfig"; path = "Pods/Target Support Files/Pods-HuiBaoXian/Pods-HuiBaoXian.debug.xcconfig"; sourceTree = "<group>"; };
		54D698746BBC39BA011222ED /* Pods-HuiBaoXian.release.xcconfig */ = {isa = PBXFileReference; includeInIndex = 1; lastKnownFileType = text.xcconfig; name = "Pods-HuiBaoXian.release.xcconfig"; path = "Pods/Target Support Files/Pods-HuiBaoXian/Pods-HuiBaoXian.release.xcconfig"; sourceTree = "<group>"; };
		5768B0E8683652C95054BF44 /* libPods-HuiBaoXian.a */ = {isa = PBXFileReference; explicitFileType = archive.ar; includeInIndex = 0; path = "libPods-HuiBaoXian.a"; sourceTree = BUILT_PRODUCTS_DIR; };
		9EF276281DDABA5E0098BE99 /* HuiBaoXian.app */ = {isa = PBXFileReference; explicitFileType = wrapper.application; includeInIndex = 0; path = HuiBaoXian.app; sourceTree = BUILT_PRODUCTS_DIR; };
		9EF2762C1DDABA5F0098BE99 /* main.m */ = {isa = PBXFileReference; lastKnownFileType = sourcecode.c.objc; path = main.m; sourceTree = "<group>"; };
		9EF2762E1DDABA5F0098BE99 /* AppDelegate.h */ = {isa = PBXFileReference; lastKnownFileType = sourcecode.c.h; path = AppDelegate.h; sourceTree = "<group>"; };
		9EF2762F1DDABA5F0098BE99 /* AppDelegate.m */ = {isa = PBXFileReference; lastKnownFileType = sourcecode.c.objc; path = AppDelegate.m; sourceTree = "<group>"; };
		9EF276311DDABA5F0098BE99 /* ViewController.h */ = {isa = PBXFileReference; lastKnownFileType = sourcecode.c.h; path = ViewController.h; sourceTree = "<group>"; };
		9EF276321DDABA5F0098BE99 /* ViewController.m */ = {isa = PBXFileReference; lastKnownFileType = sourcecode.c.objc; path = ViewController.m; sourceTree = "<group>"; };
		9EF276351DDABA5F0098BE99 /* Base */ = {isa = PBXFileReference; lastKnownFileType = file.storyboard; name = Base; path = Base.lproj/Main.storyboard; sourceTree = "<group>"; };
		9EF276371DDABA5F0098BE99 /* Assets.xcassets */ = {isa = PBXFileReference; lastKnownFileType = folder.assetcatalog; path = Assets.xcassets; sourceTree = "<group>"; };
		9EF2763A1DDABA5F0098BE99 /* Base */ = {isa = PBXFileReference; lastKnownFileType = file.storyboard; name = Base; path = Base.lproj/LaunchScreen.storyboard; sourceTree = "<group>"; };
		9EF2763C1DDABA5F0098BE99 /* Info.plist */ = {isa = PBXFileReference; lastKnownFileType = text.plist.xml; path = Info.plist; sourceTree = "<group>"; };
		9EF276411DDABA5F0098BE99 /* HuiBaoXianTests.xctest */ = {isa = PBXFileReference; explicitFileType = wrapper.cfbundle; includeInIndex = 0; path = HuiBaoXianTests.xctest; sourceTree = BUILT_PRODUCTS_DIR; };
		9EF276451DDABA5F0098BE99 /* HuiBaoXianTests.m */ = {isa = PBXFileReference; lastKnownFileType = sourcecode.c.objc; path = HuiBaoXianTests.m; sourceTree = "<group>"; };
		9EF276471DDABA5F0098BE99 /* Info.plist */ = {isa = PBXFileReference; lastKnownFileType = text.plist.xml; path = Info.plist; sourceTree = "<group>"; };
		9EF2764C1DDABA5F0098BE99 /* HuiBaoXianUITests.xctest */ = {isa = PBXFileReference; explicitFileType = wrapper.cfbundle; includeInIndex = 0; path = HuiBaoXianUITests.xctest; sourceTree = BUILT_PRODUCTS_DIR; };
		9EF276501DDABA5F0098BE99 /* HuiBaoXianUITests.m */ = {isa = PBXFileReference; lastKnownFileType = sourcecode.c.objc; path = HuiBaoXianUITests.m; sourceTree = "<group>"; };
		9EF276521DDABA5F0098BE99 /* Info.plist */ = {isa = PBXFileReference; lastKnownFileType = text.plist.xml; path = Info.plist; sourceTree = "<group>"; };
		9EF2765F1DDAECF80098BE99 /* UPPaymentControl.h */ = {isa = PBXFileReference; fileEncoding = 4; lastKnownFileType = sourcecode.c.h; path = UPPaymentControl.h; sourceTree = "<group>"; };
		9EF276601DDAED030098BE99 /* libPaymentControl.a */ = {isa = PBXFileReference; lastKnownFileType = archive.ar; path = libPaymentControl.a; sourceTree = "<group>"; };
		9EF276621DDAED5A0098BE99 /* QuartzCore.framework */ = {isa = PBXFileReference; lastKnownFileType = wrapper.framework; name = QuartzCore.framework; path = System/Library/Frameworks/QuartzCore.framework; sourceTree = SDKROOT; };
		9EF276641DDAED670098BE99 /* Security.framework */ = {isa = PBXFileReference; lastKnownFileType = wrapper.framework; name = Security.framework; path = System/Library/Frameworks/Security.framework; sourceTree = SDKROOT; };
		9EF276661DDAF29F0098BE99 /* libz.tbd */ = {isa = PBXFileReference; lastKnownFileType = "sourcecode.text-based-dylib-definition"; name = libz.tbd; path = usr/lib/libz.tbd; sourceTree = SDKROOT; };
		9EF276681DDAF42C0098BE99 /* CFNetwork.framework */ = {isa = PBXFileReference; lastKnownFileType = wrapper.framework; name = CFNetwork.framework; path = System/Library/Frameworks/CFNetwork.framework; sourceTree = SDKROOT; };
		9EF2766A1DDAF43B0098BE99 /* SystemConfiguration.framework */ = {isa = PBXFileReference; lastKnownFileType = wrapper.framework; name = SystemConfiguration.framework; path = System/Library/Frameworks/SystemConfiguration.framework; sourceTree = SDKROOT; };
		9EF276721DDAF75C0098BE99 /* Header.h */ = {isa = PBXFileReference; fileEncoding = 4; lastKnownFileType = sourcecode.c.h; name = Header.h; path = HuiBaoXian/Header.h; sourceTree = "<group>"; };
		9EF276751DDAFCB10098BE99 /* AlipaySDK.bundle */ = {isa = PBXFileReference; lastKnownFileType = "wrapper.plug-in"; path = AlipaySDK.bundle; sourceTree = "<group>"; };
		9EF276761DDAFCB10098BE99 /* AlipaySDK.framework */ = {isa = PBXFileReference; lastKnownFileType = wrapper.framework; path = AlipaySDK.framework; sourceTree = "<group>"; };
		9EF276791DDAFCE00098BE99 /* libc++.tbd */ = {isa = PBXFileReference; lastKnownFileType = "sourcecode.text-based-dylib-definition"; name = "libc++.tbd"; path = "usr/lib/libc++.tbd"; sourceTree = SDKROOT; };
		9EF2767B1DDAFCF60098BE99 /* CoreTelephony.framework */ = {isa = PBXFileReference; lastKnownFileType = wrapper.framework; name = CoreTelephony.framework; path = System/Library/Frameworks/CoreTelephony.framework; sourceTree = SDKROOT; };
		9EF2767D1DDAFD030098BE99 /* CoreText.framework */ = {isa = PBXFileReference; lastKnownFileType = wrapper.framework; name = CoreText.framework; path = System/Library/Frameworks/CoreText.framework; sourceTree = SDKROOT; };
		9EF2767F1DDAFD260098BE99 /* CoreGraphics.framework */ = {isa = PBXFileReference; lastKnownFileType = wrapper.framework; name = CoreGraphics.framework; path = System/Library/Frameworks/CoreGraphics.framework; sourceTree = SDKROOT; };
		9EF276811DDAFD2C0098BE99 /* UIKit.framework */ = {isa = PBXFileReference; lastKnownFileType = wrapper.framework; name = UIKit.framework; path = System/Library/Frameworks/UIKit.framework; sourceTree = SDKROOT; };
		9EF276831DDAFD390098BE99 /* Foundation.framework */ = {isa = PBXFileReference; lastKnownFileType = wrapper.framework; name = Foundation.framework; path = System/Library/Frameworks/Foundation.framework; sourceTree = SDKROOT; };
		9EF276851DDAFD490098BE99 /* CoreMotion.framework */ = {isa = PBXFileReference; lastKnownFileType = wrapper.framework; name = CoreMotion.framework; path = System/Library/Frameworks/CoreMotion.framework; sourceTree = SDKROOT; };
		9EF276881DDAFF710098BE99 /* libWeChatSDK.a */ = {isa = PBXFileReference; lastKnownFileType = archive.ar; path = libWeChatSDK.a; sourceTree = "<group>"; };
		9EF276891DDAFF710098BE99 /* README.txt */ = {isa = PBXFileReference; fileEncoding = 4; lastKnownFileType = text; path = README.txt; sourceTree = "<group>"; };
		9EF2768A1DDAFF710098BE99 /* WechatAuthSDK.h */ = {isa = PBXFileReference; fileEncoding = 4; lastKnownFileType = sourcecode.c.h; path = WechatAuthSDK.h; sourceTree = "<group>"; };
		9EF2768B1DDAFF710098BE99 /* WXApi.h */ = {isa = PBXFileReference; fileEncoding = 4; lastKnownFileType = sourcecode.c.h; path = WXApi.h; sourceTree = "<group>"; };
		9EF2768C1DDAFF710098BE99 /* WXApiObject.h */ = {isa = PBXFileReference; fileEncoding = 4; lastKnownFileType = sourcecode.c.h; path = WXApiObject.h; sourceTree = "<group>"; };
		9EF2768F1DDAFFF40098BE99 /* libsqlite3.0.tbd */ = {isa = PBXFileReference; lastKnownFileType = "sourcecode.text-based-dylib-definition"; name = libsqlite3.0.tbd; path = usr/lib/libsqlite3.0.tbd; sourceTree = SDKROOT; };
		B62815C71DFBA51C00E8A24B /* UIBarButtonItem+Badge.h */ = {isa = PBXFileReference; fileEncoding = 4; lastKnownFileType = sourcecode.c.h; path = "UIBarButtonItem+Badge.h"; sourceTree = "<group>"; };
		B62815C81DFBA51C00E8A24B /* UIBarButtonItem+Badge.m */ = {isa = PBXFileReference; fileEncoding = 4; lastKnownFileType = sourcecode.c.objc; path = "UIBarButtonItem+Badge.m"; sourceTree = "<group>"; };
		B62815CA1DFBB8A200E8A24B /* 00.png */ = {isa = PBXFileReference; lastKnownFileType = image.png; path = 00.png; sourceTree = "<group>"; };
		B62815CC1DFBF3D300E8A24B /* ico@3x.png */ = {isa = PBXFileReference; lastKnownFileType = image.png; path = "ico@3x.png"; sourceTree = "<group>"; };
		B649950F1DF68B65001D08F9 /* HomeController.h */ = {isa = PBXFileReference; fileEncoding = 4; lastKnownFileType = sourcecode.c.h; path = HomeController.h; sourceTree = "<group>"; };
		B64995101DF68B65001D08F9 /* HomeController.m */ = {isa = PBXFileReference; fileEncoding = 4; lastKnownFileType = sourcecode.c.objc; path = HomeController.m; sourceTree = "<group>"; };
		B64995121DF68B7B001D08F9 /* MallController.h */ = {isa = PBXFileReference; fileEncoding = 4; lastKnownFileType = sourcecode.c.h; path = MallController.h; sourceTree = "<group>"; };
		B64995131DF68B7B001D08F9 /* MallController.m */ = {isa = PBXFileReference; fileEncoding = 4; lastKnownFileType = sourcecode.c.objc; path = MallController.m; sourceTree = "<group>"; };
		B64995161DF68B8F001D08F9 /* RoomController.h */ = {isa = PBXFileReference; fileEncoding = 4; lastKnownFileType = sourcecode.c.h; path = RoomController.h; sourceTree = "<group>"; };
		B64995171DF68B8F001D08F9 /* RoomController.m */ = {isa = PBXFileReference; fileEncoding = 4; lastKnownFileType = sourcecode.c.objc; path = RoomController.m; sourceTree = "<group>"; };
		B64995191DF68B9F001D08F9 /* MyController.h */ = {isa = PBXFileReference; fileEncoding = 4; lastKnownFileType = sourcecode.c.h; path = MyController.h; sourceTree = "<group>"; };
		B649951A1DF68B9F001D08F9 /* MyController.m */ = {isa = PBXFileReference; fileEncoding = 4; lastKnownFileType = sourcecode.c.objc; path = MyController.m; sourceTree = "<group>"; };
		B649951D1DF6940F001D08F9 /* UADScrollView.h */ = {isa = PBXFileReference; fileEncoding = 4; lastKnownFileType = sourcecode.c.h; path = UADScrollView.h; sourceTree = "<group>"; };
		B649951E1DF6940F001D08F9 /* UADScrollView.m */ = {isa = PBXFileReference; fileEncoding = 4; lastKnownFileType = sourcecode.c.objc; path = UADScrollView.m; sourceTree = "<group>"; };
		B64995211DF69725001D08F9 /* AEElement.h */ = {isa = PBXFileReference; fileEncoding = 4; lastKnownFileType = sourcecode.c.h; path = AEElement.h; sourceTree = "<group>"; };
		B64995221DF69725001D08F9 /* AEElement.m */ = {isa = PBXFileReference; fileEncoding = 4; lastKnownFileType = sourcecode.c.objc; path = AEElement.m; sourceTree = "<group>"; };
		B64995231DF69725001D08F9 /* AEImagePlayerView.h */ = {isa = PBXFileReference; fileEncoding = 4; lastKnownFileType = sourcecode.c.h; path = AEImagePlayerView.h; sourceTree = "<group>"; };
		B64995241DF69725001D08F9 /* AEImagePlayerView.m */ = {isa = PBXFileReference; fileEncoding = 4; lastKnownFileType = sourcecode.c.objc; path = AEImagePlayerView.m; sourceTree = "<group>"; };
		B64995271DF69735001D08F9 /* AEPageModel.h */ = {isa = PBXFileReference; fileEncoding = 4; lastKnownFileType = sourcecode.c.h; path = AEPageModel.h; sourceTree = "<group>"; };
		B64995281DF69735001D08F9 /* AEPageModel.m */ = {isa = PBXFileReference; fileEncoding = 4; lastKnownFileType = sourcecode.c.objc; path = AEPageModel.m; sourceTree = "<group>"; };
		B64995291DF69735001D08F9 /* AEPageView.h */ = {isa = PBXFileReference; fileEncoding = 4; lastKnownFileType = sourcecode.c.h; path = AEPageView.h; sourceTree = "<group>"; };
		B649952A1DF69735001D08F9 /* AEPageView.m */ = {isa = PBXFileReference; fileEncoding = 4; lastKnownFileType = sourcecode.c.objc; path = AEPageView.m; sourceTree = "<group>"; };
		B660BDC01DFE30CF000D1E7C /* HomeCellModel.h */ = {isa = PBXFileReference; fileEncoding = 4; lastKnownFileType = sourcecode.c.h; path = HomeCellModel.h; sourceTree = "<group>"; };
		B660BDC11DFE30CF000D1E7C /* HomeCellModel.m */ = {isa = PBXFileReference; fileEncoding = 4; lastKnownFileType = sourcecode.c.objc; path = HomeCellModel.m; sourceTree = "<group>"; };
		B660BDC31DFE3611000D1E7C /* 02.png */ = {isa = PBXFileReference; lastKnownFileType = image.png; path = 02.png; sourceTree = "<group>"; };
		B69274221DFA40FD00F35D5A /* HomeCell.h */ = {isa = PBXFileReference; fileEncoding = 4; lastKnownFileType = sourcecode.c.h; path = HomeCell.h; sourceTree = "<group>"; };
		B69274231DFA40FD00F35D5A /* HomeCell.m */ = {isa = PBXFileReference; fileEncoding = 4; lastKnownFileType = sourcecode.c.objc; path = HomeCell.m; sourceTree = "<group>"; };
		B69274241DFA40FD00F35D5A /* HomeCell.xib */ = {isa = PBXFileReference; fileEncoding = 4; lastKnownFileType = file.xib; path = HomeCell.xib; sourceTree = "<group>"; };
		B69274271DFA777400F35D5A /* 01.jpg */ = {isa = PBXFileReference; lastKnownFileType = image.jpeg; path = 01.jpg; sourceTree = "<group>"; };
		B69C51751DFE54A100C19D9E /* HomeSiftCell.h */ = {isa = PBXFileReference; fileEncoding = 4; lastKnownFileType = sourcecode.c.h; path = HomeSiftCell.h; sourceTree = "<group>"; };
		B69C51761DFE54A100C19D9E /* HomeSiftCell.m */ = {isa = PBXFileReference; fileEncoding = 4; lastKnownFileType = sourcecode.c.objc; path = HomeSiftCell.m; sourceTree = "<group>"; };
		B69C51781DFE7EE300C19D9E /* messageCenter@3x.png */ = {isa = PBXFileReference; lastKnownFileType = image.png; path = "messageCenter@3x.png"; sourceTree = "<group>"; };
		B69C517F1DFE85A200C19D9E /* HomeSiftCell.xib */ = {isa = PBXFileReference; fileEncoding = 4; lastKnownFileType = file.xib; path = HomeSiftCell.xib; sourceTree = "<group>"; };
/* End PBXFileReference section */

/* Begin PBXFrameworksBuildPhase section */
		9EF276251DDABA5E0098BE99 /* Frameworks */ = {
			isa = PBXFrameworksBuildPhase;
			buildActionMask = 2147483647;
			files = (
				9EF276901DDAFFF40098BE99 /* libsqlite3.0.tbd in Frameworks */,
				9EF276861DDAFD490098BE99 /* CoreMotion.framework in Frameworks */,
				9EF276841DDAFD390098BE99 /* Foundation.framework in Frameworks */,
				9EF2768D1DDAFF710098BE99 /* libWeChatSDK.a in Frameworks */,
				9EF276821DDAFD2C0098BE99 /* UIKit.framework in Frameworks */,
				9EF276801DDAFD260098BE99 /* CoreGraphics.framework in Frameworks */,
				9EF2767E1DDAFD030098BE99 /* CoreText.framework in Frameworks */,
				9EF2767C1DDAFCF60098BE99 /* CoreTelephony.framework in Frameworks */,
				9EF2767A1DDAFCE00098BE99 /* libc++.tbd in Frameworks */,
				9EF2766B1DDAF43B0098BE99 /* SystemConfiguration.framework in Frameworks */,
				9EF276781DDAFCB10098BE99 /* AlipaySDK.framework in Frameworks */,
				9EF276691DDAF42C0098BE99 /* CFNetwork.framework in Frameworks */,
				9EF276671DDAF29F0098BE99 /* libz.tbd in Frameworks */,
				9EF276651DDAED670098BE99 /* Security.framework in Frameworks */,
				9EF276631DDAED5A0098BE99 /* QuartzCore.framework in Frameworks */,
				9EF276611DDAED030098BE99 /* libPaymentControl.a in Frameworks */,
				CC651FCB6CD47506214E7696 /* libPods-HuiBaoXian.a in Frameworks */,
			);
			runOnlyForDeploymentPostprocessing = 0;
		};
		9EF2763E1DDABA5F0098BE99 /* Frameworks */ = {
			isa = PBXFrameworksBuildPhase;
			buildActionMask = 2147483647;
			files = (
			);
			runOnlyForDeploymentPostprocessing = 0;
		};
		9EF276491DDABA5F0098BE99 /* Frameworks */ = {
			isa = PBXFrameworksBuildPhase;
			buildActionMask = 2147483647;
			files = (
			);
			runOnlyForDeploymentPostprocessing = 0;
		};
/* End PBXFrameworksBuildPhase section */

/* Begin PBXGroup section */
		3C165B316EE72D9CBB905AC2 /* Pods */ = {
			isa = PBXGroup;
			children = (
				0E87799A8F217D74FD440583 /* Pods-HuiBaoXian.debug.xcconfig */,
				54D698746BBC39BA011222ED /* Pods-HuiBaoXian.release.xcconfig */,
			);
			name = Pods;
			sourceTree = "<group>";
		};
		9EF2761F1DDABA5E0098BE99 = {
			isa = PBXGroup;
			children = (
				9EF276721DDAF75C0098BE99 /* Header.h */,
				9EF276711DDAF7070098BE99 /* TheThirdPay */,
				9EF2762A1DDABA5E0098BE99 /* HuiBaoXian */,
				9EF276441DDABA5F0098BE99 /* HuiBaoXianTests */,
				9EF2764F1DDABA5F0098BE99 /* HuiBaoXianUITests */,
				9EF276291DDABA5E0098BE99 /* Products */,
				3C165B316EE72D9CBB905AC2 /* Pods */,
				C62D156E7FC47CE93695295A /* Frameworks */,
			);
			sourceTree = "<group>";
		};
		9EF276291DDABA5E0098BE99 /* Products */ = {
			isa = PBXGroup;
			children = (
				9EF276281DDABA5E0098BE99 /* HuiBaoXian.app */,
				9EF276411DDABA5F0098BE99 /* HuiBaoXianTests.xctest */,
				9EF2764C1DDABA5F0098BE99 /* HuiBaoXianUITests.xctest */,
			);
			name = Products;
			sourceTree = "<group>";
		};
		9EF2762A1DDABA5E0098BE99 /* HuiBaoXian */ = {
			isa = PBXGroup;
			children = (
				9EF2762E1DDABA5F0098BE99 /* AppDelegate.h */,
				9EF2762F1DDABA5F0098BE99 /* AppDelegate.m */,
				9EF276311DDABA5F0098BE99 /* ViewController.h */,
				9EF276321DDABA5F0098BE99 /* ViewController.m */,
				9EF276341DDABA5F0098BE99 /* Main.storyboard */,
				B64995021DF689E2001D08F9 /* HomePage */,
				B64995011DF689E0001D08F9 /* InsuranceMall */,
				B64995001DF689DD001D08F9 /* InsurersClassroom */,
				B64994FF1DF689D9001D08F9 /* My */,
				9EF276371DDABA5F0098BE99 /* Assets.xcassets */,
				B649951C1DF693C6001D08F9 /* Libs */,
				B62815C01DFBA35D00E8A24B /* Category */,
				9EF276731DDAF9840098BE99 /* Image */,
				9EF276391DDABA5F0098BE99 /* LaunchScreen.storyboard */,
				9EF2763C1DDABA5F0098BE99 /* Info.plist */,
				9EF2762B1DDABA5E0098BE99 /* Supporting Files */,
			);
			path = HuiBaoXian;
			sourceTree = "<group>";
		};
		9EF2762B1DDABA5E0098BE99 /* Supporting Files */ = {
			isa = PBXGroup;
			children = (
				9EF2762C1DDABA5F0098BE99 /* main.m */,
			);
			name = "Supporting Files";
			sourceTree = "<group>";
		};
		9EF276441DDABA5F0098BE99 /* HuiBaoXianTests */ = {
			isa = PBXGroup;
			children = (
				9EF276451DDABA5F0098BE99 /* HuiBaoXianTests.m */,
				9EF276471DDABA5F0098BE99 /* Info.plist */,
			);
			path = HuiBaoXianTests;
			sourceTree = "<group>";
		};
		9EF2764F1DDABA5F0098BE99 /* HuiBaoXianUITests */ = {
			isa = PBXGroup;
			children = (
				9EF276501DDABA5F0098BE99 /* HuiBaoXianUITests.m */,
				9EF276521DDABA5F0098BE99 /* Info.plist */,
			);
			path = HuiBaoXianUITests;
			sourceTree = "<group>";
		};
		9EF2765E1DDAEC7D0098BE99 /* UPPayPlugin */ = {
			isa = PBXGroup;
			children = (
				9EF276601DDAED030098BE99 /* libPaymentControl.a */,
				9EF2765F1DDAECF80098BE99 /* UPPaymentControl.h */,
			);
			name = UPPayPlugin;
			sourceTree = "<group>";
		};
		9EF276711DDAF7070098BE99 /* TheThirdPay */ = {
			isa = PBXGroup;
			children = (
				9EF276871DDAFF5C0098BE99 /* WeiChatPay */,
				9EF276741DDAFC890098BE99 /* AliPaySDK */,
				9EF2765E1DDAEC7D0098BE99 /* UPPayPlugin */,
			);
			name = TheThirdPay;
			sourceTree = "<group>";
		};
		9EF276731DDAF9840098BE99 /* Image */ = {
			isa = PBXGroup;
			children = (
				B69C51781DFE7EE300C19D9E /* messageCenter@3x.png */,
				B660BDC31DFE3611000D1E7C /* 02.png */,
				B62815CC1DFBF3D300E8A24B /* ico@3x.png */,
				B62815CA1DFBB8A200E8A24B /* 00.png */,
				B69274271DFA777400F35D5A /* 01.jpg */,
			);
			name = Image;
			sourceTree = "<group>";
		};
		9EF276741DDAFC890098BE99 /* AliPaySDK */ = {
			isa = PBXGroup;
			children = (
				9EF276751DDAFCB10098BE99 /* AlipaySDK.bundle */,
				9EF276761DDAFCB10098BE99 /* AlipaySDK.framework */,
			);
			name = AliPaySDK;
			sourceTree = "<group>";
		};
		9EF276871DDAFF5C0098BE99 /* WeiChatPay */ = {
			isa = PBXGroup;
			children = (
				9EF276881DDAFF710098BE99 /* libWeChatSDK.a */,
				9EF276891DDAFF710098BE99 /* README.txt */,
				9EF2768A1DDAFF710098BE99 /* WechatAuthSDK.h */,
				9EF2768B1DDAFF710098BE99 /* WXApi.h */,
				9EF2768C1DDAFF710098BE99 /* WXApiObject.h */,
			);
			name = WeiChatPay;
			sourceTree = "<group>";
		};
		B62815C01DFBA35D00E8A24B /* Category */ = {
			isa = PBXGroup;
			children = (
				B62815C71DFBA51C00E8A24B /* UIBarButtonItem+Badge.h */,
				B62815C81DFBA51C00E8A24B /* UIBarButtonItem+Badge.m */,
			);
			name = Category;
			path = ..;
			sourceTree = "<group>";
		};
		B64994FF1DF689D9001D08F9 /* My */ = {
			isa = PBXGroup;
			children = (
				B649950E1DF68B2E001D08F9 /* MyController */,
				B649950D1DF68B2C001D08F9 /* MyView */,
				B649950C1DF68B29001D08F9 /* MyModel */,
			);
			name = My;
			path = ..;
			sourceTree = "<group>";
		};
		B64995001DF689DD001D08F9 /* InsurersClassroom */ = {
			isa = PBXGroup;
			children = (
				B649950B1DF68B17001D08F9 /* RoomController */,
				B649950A1DF68B11001D08F9 /* RoomView */,
				B64995091DF68B05001D08F9 /* RoomModel */,
			);
			name = InsurersClassroom;
			path = ..;
			sourceTree = "<group>";
		};
		B64995011DF689E0001D08F9 /* InsuranceMall */ = {
			isa = PBXGroup;
			children = (
				B64995081DF68AEE001D08F9 /* MallController */,
				B64995071DF68AEC001D08F9 /* MallView */,
				B64995061DF68AE9001D08F9 /* MallModel */,
			);
			name = InsuranceMall;
			path = ..;
			sourceTree = "<group>";
		};
		B64995021DF689E2001D08F9 /* HomePage */ = {
			isa = PBXGroup;
			children = (
				B64995031DF68ABF001D08F9 /* HomeController */,
				B64995041DF68ACB001D08F9 /* HomeView */,
				B64995051DF68ACD001D08F9 /* HomeModel */,
			);
			name = HomePage;
			path = ..;
			sourceTree = "<group>";
		};
		B64995031DF68ABF001D08F9 /* HomeController */ = {
			isa = PBXGroup;
			children = (
				B649950F1DF68B65001D08F9 /* HomeController.h */,
				B64995101DF68B65001D08F9 /* HomeController.m */,
			);
			name = HomeController;
			sourceTree = "<group>";
		};
		B64995041DF68ACB001D08F9 /* HomeView */ = {
			isa = PBXGroup;
			children = (
				B69274221DFA40FD00F35D5A /* HomeCell.h */,
				B69274231DFA40FD00F35D5A /* HomeCell.m */,
				B69274241DFA40FD00F35D5A /* HomeCell.xib */,
				B69C51751DFE54A100C19D9E /* HomeSiftCell.h */,
				B69C51761DFE54A100C19D9E /* HomeSiftCell.m */,
				B69C517F1DFE85A200C19D9E /* HomeSiftCell.xib */,
			);
			name = HomeView;
			sourceTree = "<group>";
		};
		B64995051DF68ACD001D08F9 /* HomeModel */ = {
			isa = PBXGroup;
			children = (
				B660BDC01DFE30CF000D1E7C /* HomeCellModel.h */,
				B660BDC11DFE30CF000D1E7C /* HomeCellModel.m */,
			);
			name = HomeModel;
			sourceTree = "<group>";
		};
		B64995061DF68AE9001D08F9 /* MallModel */ = {
			isa = PBXGroup;
			children = (
			);
			name = MallModel;
			sourceTree = "<group>";
		};
		B64995071DF68AEC001D08F9 /* MallView */ = {
			isa = PBXGroup;
			children = (
			);
			name = MallView;
			sourceTree = "<group>";
		};
		B64995081DF68AEE001D08F9 /* MallController */ = {
			isa = PBXGroup;
			children = (
				B64995121DF68B7B001D08F9 /* MallController.h */,
				B64995131DF68B7B001D08F9 /* MallController.m */,
			);
			name = MallController;
			sourceTree = "<group>";
		};
		B64995091DF68B05001D08F9 /* RoomModel */ = {
			isa = PBXGroup;
			children = (
			);
			name = RoomModel;
			sourceTree = "<group>";
		};
		B649950A1DF68B11001D08F9 /* RoomView */ = {
			isa = PBXGroup;
			children = (
			);
			name = RoomView;
			sourceTree = "<group>";
		};
		B649950B1DF68B17001D08F9 /* RoomController */ = {
			isa = PBXGroup;
			children = (
				B64995161DF68B8F001D08F9 /* RoomController.h */,
				B64995171DF68B8F001D08F9 /* RoomController.m */,
			);
			name = RoomController;
			sourceTree = "<group>";
		};
		B649950C1DF68B29001D08F9 /* MyModel */ = {
			isa = PBXGroup;
			children = (
			);
			name = MyModel;
			sourceTree = "<group>";
		};
		B649950D1DF68B2C001D08F9 /* MyView */ = {
			isa = PBXGroup;
			children = (
			);
			name = MyView;
			sourceTree = "<group>";
		};
		B649950E1DF68B2E001D08F9 /* MyController */ = {
			isa = PBXGroup;
			children = (
				B64995191DF68B9F001D08F9 /* MyController.h */,
				B649951A1DF68B9F001D08F9 /* MyController.m */,
			);
			name = MyController;
			sourceTree = "<group>";
		};
		B649951C1DF693C6001D08F9 /* Libs */ = {
			isa = PBXGroup;
			children = (
				B64995201DF696D9001D08F9 /* AEScrollView */,
				B649951D1DF6940F001D08F9 /* UADScrollView.h */,
				B649951E1DF6940F001D08F9 /* UADScrollView.m */,
			);
			name = Libs;
			path = ..;
			sourceTree = "<group>";
		};
		B64995201DF696D9001D08F9 /* AEScrollView */ = {
			isa = PBXGroup;
			children = (
				B64995211DF69725001D08F9 /* AEElement.h */,
				B64995221DF69725001D08F9 /* AEElement.m */,
				B64995231DF69725001D08F9 /* AEImagePlayerView.h */,
				B64995241DF69725001D08F9 /* AEImagePlayerView.m */,
				B64995271DF69735001D08F9 /* AEPageModel.h */,
				B64995281DF69735001D08F9 /* AEPageModel.m */,
				B64995291DF69735001D08F9 /* AEPageView.h */,
				B649952A1DF69735001D08F9 /* AEPageView.m */,
			);
			name = AEScrollView;
			sourceTree = "<group>";
		};
		C62D156E7FC47CE93695295A /* Frameworks */ = {
			isa = PBXGroup;
			children = (
				9EF2768F1DDAFFF40098BE99 /* libsqlite3.0.tbd */,
				9EF276851DDAFD490098BE99 /* CoreMotion.framework */,
				9EF276831DDAFD390098BE99 /* Foundation.framework */,
				9EF276811DDAFD2C0098BE99 /* UIKit.framework */,
				9EF2767F1DDAFD260098BE99 /* CoreGraphics.framework */,
				9EF2767D1DDAFD030098BE99 /* CoreText.framework */,
				9EF2767B1DDAFCF60098BE99 /* CoreTelephony.framework */,
				9EF276791DDAFCE00098BE99 /* libc++.tbd */,
				9EF2766A1DDAF43B0098BE99 /* SystemConfiguration.framework */,
				9EF276681DDAF42C0098BE99 /* CFNetwork.framework */,
				9EF276661DDAF29F0098BE99 /* libz.tbd */,
				9EF276641DDAED670098BE99 /* Security.framework */,
				9EF276621DDAED5A0098BE99 /* QuartzCore.framework */,
				5768B0E8683652C95054BF44 /* libPods-HuiBaoXian.a */,
			);
			name = Frameworks;
			sourceTree = "<group>";
		};
/* End PBXGroup section */

/* Begin PBXNativeTarget section */
		9EF276271DDABA5E0098BE99 /* HuiBaoXian */ = {
			isa = PBXNativeTarget;
			buildConfigurationList = 9EF276551DDABA5F0098BE99 /* Build configuration list for PBXNativeTarget "HuiBaoXian" */;
			buildPhases = (
				46047247DB4500B63470A1A4 /* [CP] Check Pods Manifest.lock */,
				9EF276241DDABA5E0098BE99 /* Sources */,
				9EF276251DDABA5E0098BE99 /* Frameworks */,
				9EF276261DDABA5E0098BE99 /* Resources */,
				318A91D6EE958660BA992DE4 /* [CP] Embed Pods Frameworks */,
				F7A4F657E41E7D037F6554BB /* [CP] Copy Pods Resources */,
			);
			buildRules = (
			);
			dependencies = (
			);
			name = HuiBaoXian;
			productName = HuiBaoXian;
			productReference = 9EF276281DDABA5E0098BE99 /* HuiBaoXian.app */;
			productType = "com.apple.product-type.application";
		};
		9EF276401DDABA5F0098BE99 /* HuiBaoXianTests */ = {
			isa = PBXNativeTarget;
			buildConfigurationList = 9EF276581DDABA5F0098BE99 /* Build configuration list for PBXNativeTarget "HuiBaoXianTests" */;
			buildPhases = (
				9EF2763D1DDABA5F0098BE99 /* Sources */,
				9EF2763E1DDABA5F0098BE99 /* Frameworks */,
				9EF2763F1DDABA5F0098BE99 /* Resources */,
			);
			buildRules = (
			);
			dependencies = (
				9EF276431DDABA5F0098BE99 /* PBXTargetDependency */,
			);
			name = HuiBaoXianTests;
			productName = HuiBaoXianTests;
			productReference = 9EF276411DDABA5F0098BE99 /* HuiBaoXianTests.xctest */;
			productType = "com.apple.product-type.bundle.unit-test";
		};
		9EF2764B1DDABA5F0098BE99 /* HuiBaoXianUITests */ = {
			isa = PBXNativeTarget;
			buildConfigurationList = 9EF2765B1DDABA5F0098BE99 /* Build configuration list for PBXNativeTarget "HuiBaoXianUITests" */;
			buildPhases = (
				9EF276481DDABA5F0098BE99 /* Sources */,
				9EF276491DDABA5F0098BE99 /* Frameworks */,
				9EF2764A1DDABA5F0098BE99 /* Resources */,
			);
			buildRules = (
			);
			dependencies = (
				9EF2764E1DDABA5F0098BE99 /* PBXTargetDependency */,
			);
			name = HuiBaoXianUITests;
			productName = HuiBaoXianUITests;
			productReference = 9EF2764C1DDABA5F0098BE99 /* HuiBaoXianUITests.xctest */;
			productType = "com.apple.product-type.bundle.ui-testing";
		};
/* End PBXNativeTarget section */

/* Begin PBXProject section */
		9EF276201DDABA5E0098BE99 /* Project object */ = {
			isa = PBXProject;
			attributes = {
				LastUpgradeCheck = 0800;
				ORGANIZATIONNAME = baobao;
				TargetAttributes = {
					9EF276271DDABA5E0098BE99 = {
						CreatedOnToolsVersion = 8.0;
						DevelopmentTeam = C8QPW4Z45W;
						ProvisioningStyle = Automatic;
					};
					9EF276401DDABA5F0098BE99 = {
						CreatedOnToolsVersion = 8.0;
						ProvisioningStyle = Automatic;
						TestTargetID = 9EF276271DDABA5E0098BE99;
					};
					9EF2764B1DDABA5F0098BE99 = {
						CreatedOnToolsVersion = 8.0;
						ProvisioningStyle = Automatic;
						TestTargetID = 9EF276271DDABA5E0098BE99;
					};
				};
			};
			buildConfigurationList = 9EF276231DDABA5E0098BE99 /* Build configuration list for PBXProject "HuiBaoXian" */;
			compatibilityVersion = "Xcode 3.2";
			developmentRegion = English;
			hasScannedForEncodings = 0;
			knownRegions = (
				en,
				Base,
			);
			mainGroup = 9EF2761F1DDABA5E0098BE99;
			productRefGroup = 9EF276291DDABA5E0098BE99 /* Products */;
			projectDirPath = "";
			projectRoot = "";
			targets = (
				9EF276271DDABA5E0098BE99 /* HuiBaoXian */,
				9EF276401DDABA5F0098BE99 /* HuiBaoXianTests */,
				9EF2764B1DDABA5F0098BE99 /* HuiBaoXianUITests */,
			);
		};
/* End PBXProject section */

/* Begin PBXResourcesBuildPhase section */
		9EF276261DDABA5E0098BE99 /* Resources */ = {
			isa = PBXResourcesBuildPhase;
			buildActionMask = 2147483647;
			files = (
				B69C51801DFE85A200C19D9E /* HomeSiftCell.xib in Resources */,
				9EF2763B1DDABA5F0098BE99 /* LaunchScreen.storyboard in Resources */,
				B62815CD1DFBF3D300E8A24B /* ico@3x.png in Resources */,
				B62815CB1DFBB8A200E8A24B /* 00.png in Resources */,
				9EF276381DDABA5F0098BE99 /* Assets.xcassets in Resources */,
				9EF276771DDAFCB10098BE99 /* AlipaySDK.bundle in Resources */,
				B660BDC41DFE3611000D1E7C /* 02.png in Resources */,
				9EF276361DDABA5F0098BE99 /* Main.storyboard in Resources */,
				B69C51791DFE7EE300C19D9E /* messageCenter@3x.png in Resources */,
				B69274261DFA40FD00F35D5A /* HomeCell.xib in Resources */,
				9EF2768E1DDAFF710098BE99 /* README.txt in Resources */,
				B69274281DFA777400F35D5A /* 01.jpg in Resources */,
			);
			runOnlyForDeploymentPostprocessing = 0;
		};
		9EF2763F1DDABA5F0098BE99 /* Resources */ = {
			isa = PBXResourcesBuildPhase;
			buildActionMask = 2147483647;
			files = (
			);
			runOnlyForDeploymentPostprocessing = 0;
		};
		9EF2764A1DDABA5F0098BE99 /* Resources */ = {
			isa = PBXResourcesBuildPhase;
			buildActionMask = 2147483647;
			files = (
			);
			runOnlyForDeploymentPostprocessing = 0;
		};
/* End PBXResourcesBuildPhase section */

/* Begin PBXShellScriptBuildPhase section */
		318A91D6EE958660BA992DE4 /* [CP] Embed Pods Frameworks */ = {
			isa = PBXShellScriptBuildPhase;
			buildActionMask = 2147483647;
			files = (
			);
			inputPaths = (
			);
			name = "[CP] Embed Pods Frameworks";
			outputPaths = (
			);
			runOnlyForDeploymentPostprocessing = 0;
			shellPath = /bin/sh;
			shellScript = "\"${SRCROOT}/Pods/Target Support Files/Pods-HuiBaoXian/Pods-HuiBaoXian-frameworks.sh\"\n";
			showEnvVarsInLog = 0;
		};
		46047247DB4500B63470A1A4 /* [CP] Check Pods Manifest.lock */ = {
			isa = PBXShellScriptBuildPhase;
			buildActionMask = 2147483647;
			files = (
			);
			inputPaths = (
			);
			name = "[CP] Check Pods Manifest.lock";
			outputPaths = (
			);
			runOnlyForDeploymentPostprocessing = 0;
			shellPath = /bin/sh;
			shellScript = "diff \"${PODS_ROOT}/../Podfile.lock\" \"${PODS_ROOT}/Manifest.lock\" > /dev/null\nif [ $? != 0 ] ; then\n    # print error to STDERR\n    echo \"error: The sandbox is not in sync with the Podfile.lock. Run 'pod install' or update your CocoaPods installation.\" >&2\n    exit 1\nfi\n";
			showEnvVarsInLog = 0;
		};
		F7A4F657E41E7D037F6554BB /* [CP] Copy Pods Resources */ = {
			isa = PBXShellScriptBuildPhase;
			buildActionMask = 2147483647;
			files = (
			);
			inputPaths = (
			);
			name = "[CP] Copy Pods Resources";
			outputPaths = (
			);
			runOnlyForDeploymentPostprocessing = 0;
			shellPath = /bin/sh;
			shellScript = "\"${SRCROOT}/Pods/Target Support Files/Pods-HuiBaoXian/Pods-HuiBaoXian-resources.sh\"\n";
			showEnvVarsInLog = 0;
		};
/* End PBXShellScriptBuildPhase section */

/* Begin PBXSourcesBuildPhase section */
		9EF276241DDABA5E0098BE99 /* Sources */ = {
			isa = PBXSourcesBuildPhase;
			buildActionMask = 2147483647;
			files = (
				B64995251DF69725001D08F9 /* AEElement.m in Sources */,
				B64995261DF69725001D08F9 /* AEImagePlayerView.m in Sources */,
				B660BDC21DFE30CF000D1E7C /* HomeCellModel.m in Sources */,
				B64995111DF68B65001D08F9 /* HomeController.m in Sources */,
				9EF276331DDABA5F0098BE99 /* ViewController.m in Sources */,
				B64995181DF68B8F001D08F9 /* RoomController.m in Sources */,
				B69274251DFA40FD00F35D5A /* HomeCell.m in Sources */,
				B649952B1DF69735001D08F9 /* AEPageModel.m in Sources */,
				B69C51771DFE54A100C19D9E /* HomeSiftCell.m in Sources */,
				9EF276301DDABA5F0098BE99 /* AppDelegate.m in Sources */,
				B649951B1DF68B9F001D08F9 /* MyController.m in Sources */,
				9EF2762D1DDABA5F0098BE99 /* main.m in Sources */,
				B649952C1DF69735001D08F9 /* AEPageView.m in Sources */,
				B649951F1DF6940F001D08F9 /* UADScrollView.m in Sources */,
				B62815C91DFBA51C00E8A24B /* UIBarButtonItem+Badge.m in Sources */,
				B64995141DF68B7B001D08F9 /* MallController.m in Sources */,
			);
			runOnlyForDeploymentPostprocessing = 0;
		};
		9EF2763D1DDABA5F0098BE99 /* Sources */ = {
			isa = PBXSourcesBuildPhase;
			buildActionMask = 2147483647;
			files = (
				9EF276461DDABA5F0098BE99 /* HuiBaoXianTests.m in Sources */,
			);
			runOnlyForDeploymentPostprocessing = 0;
		};
		9EF276481DDABA5F0098BE99 /* Sources */ = {
			isa = PBXSourcesBuildPhase;
			buildActionMask = 2147483647;
			files = (
				9EF276511DDABA5F0098BE99 /* HuiBaoXianUITests.m in Sources */,
			);
			runOnlyForDeploymentPostprocessing = 0;
		};
/* End PBXSourcesBuildPhase section */

/* Begin PBXTargetDependency section */
		9EF276431DDABA5F0098BE99 /* PBXTargetDependency */ = {
			isa = PBXTargetDependency;
			target = 9EF276271DDABA5E0098BE99 /* HuiBaoXian */;
			targetProxy = 9EF276421DDABA5F0098BE99 /* PBXContainerItemProxy */;
		};
		9EF2764E1DDABA5F0098BE99 /* PBXTargetDependency */ = {
			isa = PBXTargetDependency;
			target = 9EF276271DDABA5E0098BE99 /* HuiBaoXian */;
			targetProxy = 9EF2764D1DDABA5F0098BE99 /* PBXContainerItemProxy */;
		};
/* End PBXTargetDependency section */

/* Begin PBXVariantGroup section */
		9EF276341DDABA5F0098BE99 /* Main.storyboard */ = {
			isa = PBXVariantGroup;
			children = (
				9EF276351DDABA5F0098BE99 /* Base */,
			);
			name = Main.storyboard;
			sourceTree = "<group>";
		};
		9EF276391DDABA5F0098BE99 /* LaunchScreen.storyboard */ = {
			isa = PBXVariantGroup;
			children = (
				9EF2763A1DDABA5F0098BE99 /* Base */,
			);
			name = LaunchScreen.storyboard;
			sourceTree = "<group>";
		};
/* End PBXVariantGroup section */

/* Begin XCBuildConfiguration section */
		9EF276531DDABA5F0098BE99 /* Debug */ = {
			isa = XCBuildConfiguration;
			buildSettings = {
				ALWAYS_SEARCH_USER_PATHS = NO;
				CLANG_ANALYZER_NONNULL = YES;
				CLANG_CXX_LANGUAGE_STANDARD = "gnu++0x";
				CLANG_CXX_LIBRARY = "libc++";
				CLANG_ENABLE_MODULES = YES;
				CLANG_ENABLE_OBJC_ARC = YES;
				CLANG_WARN_BOOL_CONVERSION = YES;
				CLANG_WARN_CONSTANT_CONVERSION = YES;
				CLANG_WARN_DIRECT_OBJC_ISA_USAGE = YES_ERROR;
				CLANG_WARN_DOCUMENTATION_COMMENTS = YES;
				CLANG_WARN_EMPTY_BODY = YES;
				CLANG_WARN_ENUM_CONVERSION = YES;
				CLANG_WARN_INFINITE_RECURSION = YES;
				CLANG_WARN_INT_CONVERSION = YES;
				CLANG_WARN_OBJC_ROOT_CLASS = YES_ERROR;
				CLANG_WARN_SUSPICIOUS_MOVE = YES;
				CLANG_WARN_SUSPICIOUS_MOVES = YES;
				CLANG_WARN_UNREACHABLE_CODE = YES;
				CLANG_WARN__DUPLICATE_METHOD_MATCH = YES;
				CODE_SIGN_IDENTITY = "iPhone Developer";
				"CODE_SIGN_IDENTITY[sdk=iphoneos*]" = "iPhone Developer";
				COPY_PHASE_STRIP = NO;
				DEBUG_INFORMATION_FORMAT = dwarf;
				ENABLE_STRICT_OBJC_MSGSEND = YES;
				ENABLE_TESTABILITY = YES;
				GCC_C_LANGUAGE_STANDARD = gnu99;
				GCC_DYNAMIC_NO_PIC = NO;
				GCC_INPUT_FILETYPE = sourcecode.cpp.objcpp;
				GCC_NO_COMMON_BLOCKS = YES;
				GCC_OPTIMIZATION_LEVEL = 0;
				GCC_PREPROCESSOR_DEFINITIONS = (
					"DEBUG=1",
					"$(inherited)",
				);
				GCC_WARN_64_TO_32_BIT_CONVERSION = YES;
				GCC_WARN_ABOUT_RETURN_TYPE = YES_ERROR;
				GCC_WARN_UNDECLARED_SELECTOR = YES;
				GCC_WARN_UNINITIALIZED_AUTOS = YES_AGGRESSIVE;
				GCC_WARN_UNUSED_FUNCTION = YES;
				GCC_WARN_UNUSED_VARIABLE = YES;
				IPHONEOS_DEPLOYMENT_TARGET = 8.0;
				MTL_ENABLE_DEBUG_INFO = YES;
				ONLY_ACTIVE_ARCH = YES;
				OTHER_LDFLAGS = "";
				SDKROOT = iphoneos;
			};
			name = Debug;
		};
		9EF276541DDABA5F0098BE99 /* Release */ = {
			isa = XCBuildConfiguration;
			buildSettings = {
				ALWAYS_SEARCH_USER_PATHS = NO;
				CLANG_ANALYZER_NONNULL = YES;
				CLANG_CXX_LANGUAGE_STANDARD = "gnu++0x";
				CLANG_CXX_LIBRARY = "libc++";
				CLANG_ENABLE_MODULES = YES;
				CLANG_ENABLE_OBJC_ARC = YES;
				CLANG_WARN_BOOL_CONVERSION = YES;
				CLANG_WARN_CONSTANT_CONVERSION = YES;
				CLANG_WARN_DIRECT_OBJC_ISA_USAGE = YES_ERROR;
				CLANG_WARN_DOCUMENTATION_COMMENTS = YES;
				CLANG_WARN_EMPTY_BODY = YES;
				CLANG_WARN_ENUM_CONVERSION = YES;
				CLANG_WARN_INFINITE_RECURSION = YES;
				CLANG_WARN_INT_CONVERSION = YES;
				CLANG_WARN_OBJC_ROOT_CLASS = YES_ERROR;
				CLANG_WARN_SUSPICIOUS_MOVE = YES;
				CLANG_WARN_SUSPICIOUS_MOVES = YES;
				CLANG_WARN_UNREACHABLE_CODE = YES;
				CLANG_WARN__DUPLICATE_METHOD_MATCH = YES;
				CODE_SIGN_IDENTITY = "iPhone Developer";
				"CODE_SIGN_IDENTITY[sdk=iphoneos*]" = "iPhone Developer";
				COPY_PHASE_STRIP = NO;
				DEBUG_INFORMATION_FORMAT = "dwarf-with-dsym";
				ENABLE_NS_ASSERTIONS = NO;
				ENABLE_STRICT_OBJC_MSGSEND = YES;
				GCC_C_LANGUAGE_STANDARD = gnu99;
				GCC_INPUT_FILETYPE = sourcecode.cpp.objcpp;
				GCC_NO_COMMON_BLOCKS = YES;
				GCC_WARN_64_TO_32_BIT_CONVERSION = YES;
				GCC_WARN_ABOUT_RETURN_TYPE = YES_ERROR;
				GCC_WARN_UNDECLARED_SELECTOR = YES;
				GCC_WARN_UNINITIALIZED_AUTOS = YES_AGGRESSIVE;
				GCC_WARN_UNUSED_FUNCTION = YES;
				GCC_WARN_UNUSED_VARIABLE = YES;
				IPHONEOS_DEPLOYMENT_TARGET = 8.0;
				MTL_ENABLE_DEBUG_INFO = NO;
				OTHER_LDFLAGS = "";
				SDKROOT = iphoneos;
				VALIDATE_PRODUCT = YES;
			};
			name = Release;
		};
		9EF276561DDABA5F0098BE99 /* Debug */ = {
			isa = XCBuildConfiguration;
			baseConfigurationReference = 0E87799A8F217D74FD440583 /* Pods-HuiBaoXian.debug.xcconfig */;
			buildSettings = {
				ASSETCATALOG_COMPILER_APPICON_NAME = AppIcon;
				CODE_SIGN_IDENTITY = "iPhone Developer";
				"CODE_SIGN_IDENTITY[sdk=iphoneos*]" = "iPhone Developer";
				DEVELOPMENT_TEAM = C8QPW4Z45W;
				ENABLE_TESTABILITY = YES;
				FRAMEWORK_SEARCH_PATHS = (
					"$(inherited)",
					"$(PROJECT_DIR)",
				);
				GCC_INPUT_FILETYPE = sourcecode.cpp.objcpp;
				INFOPLIST_FILE = HuiBaoXian/Info.plist;
				IPHONEOS_DEPLOYMENT_TARGET = 8.0;
				LD_RUNPATH_SEARCH_PATHS = "$(inherited) @executable_path/Frameworks";
				LIBRARY_SEARCH_PATHS = (
					"$(inherited)",
					"$(PROJECT_DIR)",
				);
				PRODUCT_BUNDLE_IDENTIFIER = com.test.Huitestfire;
				PRODUCT_NAME = "$(TARGET_NAME)";
			};
			name = Debug;
		};
		9EF276571DDABA5F0098BE99 /* Release */ = {
			isa = XCBuildConfiguration;
			baseConfigurationReference = 54D698746BBC39BA011222ED /* Pods-HuiBaoXian.release.xcconfig */;
			buildSettings = {
				ASSETCATALOG_COMPILER_APPICON_NAME = AppIcon;
				CODE_SIGN_IDENTITY = "iPhone Developer";
				"CODE_SIGN_IDENTITY[sdk=iphoneos*]" = "iPhone Developer";
				DEVELOPMENT_TEAM = C8QPW4Z45W;
				ENABLE_TESTABILITY = NO;
				FRAMEWORK_SEARCH_PATHS = (
					"$(inherited)",
					"$(PROJECT_DIR)",
				);
				GCC_INPUT_FILETYPE = sourcecode.cpp.objcpp;
				INFOPLIST_FILE = HuiBaoXian/Info.plist;
				IPHONEOS_DEPLOYMENT_TARGET = 8.0;
				LD_RUNPATH_SEARCH_PATHS = "$(inherited) @executable_path/Frameworks";
				LIBRARY_SEARCH_PATHS = (
					"$(inherited)",
					"$(PROJECT_DIR)",
				);
				PRODUCT_BUNDLE_IDENTIFIER = com.test.Huitestfire;
				PRODUCT_NAME = "$(TARGET_NAME)";
			};
			name = Release;
		};
		9EF276591DDABA5F0098BE99 /* Debug */ = {
			isa = XCBuildConfiguration;
			buildSettings = {
				BUNDLE_LOADER = "$(TEST_HOST)";
				INFOPLIST_FILE = HuiBaoXianTests/Info.plist;
				LD_RUNPATH_SEARCH_PATHS = "$(inherited) @executable_path/Frameworks @loader_path/Frameworks";
				PRODUCT_BUNDLE_IDENTIFIER = com.baobao.HuiBaoXianTests;
				PRODUCT_NAME = "$(TARGET_NAME)";
				TEST_HOST = "$(BUILT_PRODUCTS_DIR)/HuiBaoXian.app/HuiBaoXian";
			};
			name = Debug;
		};
		9EF2765A1DDABA5F0098BE99 /* Release */ = {
			isa = XCBuildConfiguration;
			buildSettings = {
				BUNDLE_LOADER = "$(TEST_HOST)";
				INFOPLIST_FILE = HuiBaoXianTests/Info.plist;
				LD_RUNPATH_SEARCH_PATHS = "$(inherited) @executable_path/Frameworks @loader_path/Frameworks";
				PRODUCT_BUNDLE_IDENTIFIER = com.baobao.HuiBaoXianTests;
				PRODUCT_NAME = "$(TARGET_NAME)";
				TEST_HOST = "$(BUILT_PRODUCTS_DIR)/HuiBaoXian.app/HuiBaoXian";
			};
			name = Release;
		};
		9EF2765C1DDABA5F0098BE99 /* Debug */ = {
			isa = XCBuildConfiguration;
			buildSettings = {
				INFOPLIST_FILE = HuiBaoXianUITests/Info.plist;
				LD_RUNPATH_SEARCH_PATHS = "$(inherited) @executable_path/Frameworks @loader_path/Frameworks";
				PRODUCT_BUNDLE_IDENTIFIER = com.baobao.HuiBaoXianUITests;
				PRODUCT_NAME = "$(TARGET_NAME)";
				TEST_TARGET_NAME = HuiBaoXian;
			};
			name = Debug;
		};
		9EF2765D1DDABA5F0098BE99 /* Release */ = {
			isa = XCBuildConfiguration;
			buildSettings = {
				INFOPLIST_FILE = HuiBaoXianUITests/Info.plist;
				LD_RUNPATH_SEARCH_PATHS = "$(inherited) @executable_path/Frameworks @loader_path/Frameworks";
				PRODUCT_BUNDLE_IDENTIFIER = com.baobao.HuiBaoXianUITests;
				PRODUCT_NAME = "$(TARGET_NAME)";
				TEST_TARGET_NAME = HuiBaoXian;
			};
			name = Release;
		};
/* End XCBuildConfiguration section */

/* Begin XCConfigurationList section */
		9EF276231DDABA5E0098BE99 /* Build configuration list for PBXProject "HuiBaoXian" */ = {
			isa = XCConfigurationList;
			buildConfigurations = (
				9EF276531DDABA5F0098BE99 /* Debug */,
				9EF276541DDABA5F0098BE99 /* Release */,
			);
			defaultConfigurationIsVisible = 0;
			defaultConfigurationName = Release;
		};
		9EF276551DDABA5F0098BE99 /* Build configuration list for PBXNativeTarget "HuiBaoXian" */ = {
			isa = XCConfigurationList;
			buildConfigurations = (
				9EF276561DDABA5F0098BE99 /* Debug */,
				9EF276571DDABA5F0098BE99 /* Release */,
			);
			defaultConfigurationIsVisible = 0;
			defaultConfigurationName = Release;
		};
		9EF276581DDABA5F0098BE99 /* Build configuration list for PBXNativeTarget "HuiBaoXianTests" */ = {
			isa = XCConfigurationList;
			buildConfigurations = (
				9EF276591DDABA5F0098BE99 /* Debug */,
				9EF2765A1DDABA5F0098BE99 /* Release */,
			);
			defaultConfigurationIsVisible = 0;
			defaultConfigurationName = Release;
		};
		9EF2765B1DDABA5F0098BE99 /* Build configuration list for PBXNativeTarget "HuiBaoXianUITests" */ = {
			isa = XCConfigurationList;
			buildConfigurations = (
				9EF2765C1DDABA5F0098BE99 /* Debug */,
				9EF2765D1DDABA5F0098BE99 /* Release */,
			);
			defaultConfigurationIsVisible = 0;
			defaultConfigurationName = Release;
		};
/* End XCConfigurationList section */
	};
	rootObject = 9EF276201DDABA5E0098BE99 /* Project object */;
}
